
Microsoft Visual Studio Solution File, Format Version 12.00
# Visual Studio Version 17
VisualStudioVersion = 17.2.32516.85
MinimumVisualStudioVersion = 10.0.40219.1
Project("{FAE04EC0-301F-11D3-BF4B-00C04F79EFBC}") = "RestLibraries", "RestLibraries\RestLibraries.csproj", "{9B3768FD-A47E-4FE8-A295-0006D2F1E529}"
EndProject
Global
	GlobalSection(SolutionConfigurationPlatforms) = preSolution
		Debug|Any CPU = Debug|Any CPU
		Release|Any CPU = Release|Any CPU
	EndGlobalSection
	GlobalSection(ProjectConfigurationPlatforms) = postSolution
		{9B3768FD-A47E-4FE8-A295-0006D2F1E529}.Debug|Any CPU.ActiveCfg = Debug|Any CPU
		{9B3768FD-A47E-4FE8-A295-0006D2F1E529}.Debug|Any CPU.Build.0 = Debug|Any CPU
		{9B3768FD-A47E-4FE8-A295-0006D2F1E529}.Release|Any CPU.ActiveCfg = Release|Any CPU
		{9B3768FD-A47E-4FE8-A295-0006D2F1E529}.Release|Any CPU.Build.0 = Release|Any CPU
	EndGlobalSection
	GlobalSection(SolutionProperties) = preSolution
		HideSolutionNode = FALSE
	EndGlobalSection
	GlobalSection(ExtensibilityGlobals) = postSolution
		SolutionGuid = {AEF2E6DD-39A4-4EEE-829A-B2D4622A2953}
	EndGlobalSection
EndGlobal
